// !$*UTF8*$!
{
	archiveVersion = 1;
	classes = {
	};
	objectVersion = 50;
	objects = {

/* Begin PBXBuildFile section */
		28466D4823B9ECA500407C3F /* AppDelegate.m in Sources */ = {isa = PBXBuildFile; fileRef = 28466D4723B9ECA500407C3F /* AppDelegate.m */; };
		28466D4E23B9ECA500407C3F /* TestMemoryLeakViewController.m in Sources */ = {isa = PBXBuildFile; fileRef = 28466D4D23B9ECA500407C3F /* TestMemoryLeakViewController.m */; };
		28466D5123B9ECA500407C3F /* Main.storyboard in Resources */ = {isa = PBXBuildFile; fileRef = 28466D4F23B9ECA500407C3F /* Main.storyboard */; };
		28466D5323B9ECA600407C3F /* Assets.xcassets in Resources */ = {isa = PBXBuildFile; fileRef = 28466D5223B9ECA600407C3F /* Assets.xcassets */; };
		28466D5623B9ECA600407C3F /* LaunchScreen.storyboard in Resources */ = {isa = PBXBuildFile; fileRef = 28466D5423B9ECA600407C3F /* LaunchScreen.storyboard */; };
		28466D5923B9ECA600407C3F /* main.m in Sources */ = {isa = PBXBuildFile; fileRef = 28466D5823B9ECA600407C3F /* main.m */; };
		28466D9F23B9F25F00407C3F /* PopTestVC.m in Sources */ = {isa = PBXBuildFile; fileRef = 28466D9E23B9F25F00407C3F /* PopTestVC.m */; };
		28466DA223B9FF7700407C3F /* Pop2ViewController.m in Sources */ = {isa = PBXBuildFile; fileRef = 28466DA123B9FF7700407C3F /* Pop2ViewController.m */; };
		28594B2C23BF0AC90046C955 /* Pop3VCViewController.m in Sources */ = {isa = PBXBuildFile; fileRef = 28594B2B23BF0AC90046C955 /* Pop3VCViewController.m */; };
		28594B2F23BF3A4D0046C955 /* MianTBController.m in Sources */ = {isa = PBXBuildFile; fileRef = 28594B2E23BF3A4D0046C955 /* MianTBController.m */; };
		28BD826723C2DA5B0057EAED /* NSObject+GW_Model.m in Sources */ = {isa = PBXBuildFile; fileRef = 28BD822E23C2DA5B0057EAED /* NSObject+GW_Model.m */; };
		28BD826823C2DA5B0057EAED /* UIView+GW_AutoLayout.m in Sources */ = {isa = PBXBuildFile; fileRef = 28BD823123C2DA5B0057EAED /* UIView+GW_AutoLayout.m */; };
		28BD826923C2DA5B0057EAED /* UIControl+GWControl.m in Sources */ = {isa = PBXBuildFile; fileRef = 28BD823523C2DA5B0057EAED /* UIControl+GWControl.m */; };
		28BD826A23C2DA5B0057EAED /* UIImageView+GWImageView.m in Sources */ = {isa = PBXBuildFile; fileRef = 28BD823923C2DA5B0057EAED /* UIImageView+GWImageView.m */; };
		28BD826B23C2DA5B0057EAED /* UINavigationController+GWNavigationController.m in Sources */ = {isa = PBXBuildFile; fileRef = 28BD823D23C2DA5B0057EAED /* UINavigationController+GWNavigationController.m */; };
		28BD826C23C2DA5B0057EAED /* UITabBarController+GWTabBarController.m in Sources */ = {isa = PBXBuildFile; fileRef = 28BD823F23C2DA5B0057EAED /* UITabBarController+GWTabBarController.m */; };
		28BD826D23C2DA5B0057EAED /* UIPageViewController+GWPageViewController.m in Sources */ = {isa = PBXBuildFile; fileRef = 28BD824123C2DA5B0057EAED /* UIPageViewController+GWPageViewController.m */; };
		28BD826E23C2DA5B0057EAED /* UIViewController+GWViewController.m in Sources */ = {isa = PBXBuildFile; fileRef = 28BD824223C2DA5B0057EAED /* UIViewController+GWViewController.m */; };
		28BD826F23C2DA5B0057EAED /* UIApplication+GWApplication.m in Sources */ = {isa = PBXBuildFile; fileRef = 28BD824523C2DA5B0057EAED /* UIApplication+GWApplication.m */; };
		28BD827023C2DA5B0057EAED /* UIImage+GWImage.m in Sources */ = {isa = PBXBuildFile; fileRef = 28BD824823C2DA5B0057EAED /* UIImage+GWImage.m */; };
		28BD827123C2DA5B0057EAED /* NSMutableAttributedString+GWMutableAttributedString.m in Sources */ = {isa = PBXBuildFile; fileRef = 28BD824C23C2DA5B0057EAED /* NSMutableAttributedString+GWMutableAttributedString.m */; };
		28BD827223C2DA5B0057EAED /* NSString+GWString.m in Sources */ = {isa = PBXBuildFile; fileRef = 28BD824D23C2DA5B0057EAED /* NSString+GWString.m */; };
		28BD827323C2DA5B0057EAED /* UITableViewCell+GW_AutoHeightForCell.m in Sources */ = {isa = PBXBuildFile; fileRef = 28BD825023C2DA5B0057EAED /* UITableViewCell+GW_AutoHeightForCell.m */; };
		28BD827423C2DA5B0057EAED /* NSArray+GWArray.m in Sources */ = {isa = PBXBuildFile; fileRef = 28BD825423C2DA5B0057EAED /* NSArray+GWArray.m */; };
		28BD827523C2DA5B0057EAED /* NSMutableArray+GWMutableArray.m in Sources */ = {isa = PBXBuildFile; fileRef = 28BD825523C2DA5B0057EAED /* NSMutableArray+GWMutableArray.m */; };
		28BD827623C2DA5B0057EAED /* NSDate+GWDate.m in Sources */ = {isa = PBXBuildFile; fileRef = 28BD825823C2DA5B0057EAED /* NSDate+GWDate.m */; };
		28BD827723C2DA5B0057EAED /* UITouch+GWTouch.m in Sources */ = {isa = PBXBuildFile; fileRef = 28BD825A23C2DA5B0057EAED /* UITouch+GWTouch.m */; };
		28BD827823C2DA5B0057EAED /* NSObject+GWObject.m in Sources */ = {isa = PBXBuildFile; fileRef = 28BD825E23C2DA5B0057EAED /* NSObject+GWObject.m */; };
		28BD827923C2DA5B0057EAED /* UIButton+GWButton.m in Sources */ = {isa = PBXBuildFile; fileRef = 28BD826023C2DA5B0057EAED /* UIButton+GWButton.m */; };
		28BD827A23C2DA5B0057EAED /* NSMutableDictionary+GWMutableDictionary.m in Sources */ = {isa = PBXBuildFile; fileRef = 28BD826523C2DA5B0057EAED /* NSMutableDictionary+GWMutableDictionary.m */; };
		28BD827B23C2DA5B0057EAED /* NSDictionary+GWDictionary.m in Sources */ = {isa = PBXBuildFile; fileRef = 28BD826623C2DA5B0057EAED /* NSDictionary+GWDictionary.m */; };
		28BD828323C2DA800057EAED /* TestTimeDeallocViewController.m in Sources */ = {isa = PBXBuildFile; fileRef = 28BD827F23C2DA800057EAED /* TestTimeDeallocViewController.m */; };
		28BD828423C2DA800057EAED /* TwoTImeViewController.m in Sources */ = {isa = PBXBuildFile; fileRef = 28BD828023C2DA800057EAED /* TwoTImeViewController.m */; };
		28BD828523C2DA800057EAED /* ThreeTimeViewController.m in Sources */ = {isa = PBXBuildFile; fileRef = 28BD828223C2DA800057EAED /* ThreeTimeViewController.m */; };
		28D3370923BDFFCA00B17546 /* TestView.m in Sources */ = {isa = PBXBuildFile; fileRef = 28D3370823BDFFCA00B17546 /* TestView.m */; };
/* End PBXBuildFile section */

/* Begin PBXFileReference section */
		28466D4323B9ECA500407C3F /* GW_Category.app */ = {isa = PBXFileReference; explicitFileType = wrapper.application; includeInIndex = 0; path = GW_Category.app; sourceTree = BUILT_PRODUCTS_DIR; };
		28466D4623B9ECA500407C3F /* AppDelegate.h */ = {isa = PBXFileReference; lastKnownFileType = sourcecode.c.h; path = AppDelegate.h; sourceTree = "<group>"; };
		28466D4723B9ECA500407C3F /* AppDelegate.m */ = {isa = PBXFileReference; lastKnownFileType = sourcecode.c.objc; path = AppDelegate.m; sourceTree = "<group>"; };
		28466D4C23B9ECA500407C3F /* TestMemoryLeakViewController.h */ = {isa = PBXFileReference; lastKnownFileType = sourcecode.c.h; path = TestMemoryLeakViewController.h; sourceTree = "<group>"; };
		28466D4D23B9ECA500407C3F /* TestMemoryLeakViewController.m */ = {isa = PBXFileReference; lastKnownFileType = sourcecode.c.objc; path = TestMemoryLeakViewController.m; sourceTree = "<group>"; };
		28466D5023B9ECA500407C3F /* Base */ = {isa = PBXFileReference; lastKnownFileType = file.storyboard; name = Base; path = Base.lproj/Main.storyboard; sourceTree = "<group>"; };
		28466D5223B9ECA600407C3F /* Assets.xcassets */ = {isa = PBXFileReference; lastKnownFileType = folder.assetcatalog; path = Assets.xcassets; sourceTree = "<group>"; };
		28466D5523B9ECA600407C3F /* Base */ = {isa = PBXFileReference; lastKnownFileType = file.storyboard; name = Base; path = Base.lproj/LaunchScreen.storyboard; sourceTree = "<group>"; };
		28466D5723B9ECA600407C3F /* Info.plist */ = {isa = PBXFileReference; lastKnownFileType = text.plist.xml; path = Info.plist; sourceTree = "<group>"; };
		28466D5823B9ECA600407C3F /* main.m */ = {isa = PBXFileReference; lastKnownFileType = sourcecode.c.objc; path = main.m; sourceTree = "<group>"; };
		28466D9D23B9F25F00407C3F /* PopTestVC.h */ = {isa = PBXFileReference; lastKnownFileType = sourcecode.c.h; path = PopTestVC.h; sourceTree = "<group>"; };
		28466D9E23B9F25F00407C3F /* PopTestVC.m */ = {isa = PBXFileReference; lastKnownFileType = sourcecode.c.objc; path = PopTestVC.m; sourceTree = "<group>"; };
		28466DA023B9FF7700407C3F /* Pop2ViewController.h */ = {isa = PBXFileReference; lastKnownFileType = sourcecode.c.h; path = Pop2ViewController.h; sourceTree = "<group>"; };
		28466DA123B9FF7700407C3F /* Pop2ViewController.m */ = {isa = PBXFileReference; lastKnownFileType = sourcecode.c.objc; path = Pop2ViewController.m; sourceTree = "<group>"; };
		28594B2A23BF0AC90046C955 /* Pop3VCViewController.h */ = {isa = PBXFileReference; lastKnownFileType = sourcecode.c.h; path = Pop3VCViewController.h; sourceTree = "<group>"; };
		28594B2B23BF0AC90046C955 /* Pop3VCViewController.m */ = {isa = PBXFileReference; lastKnownFileType = sourcecode.c.objc; path = Pop3VCViewController.m; sourceTree = "<group>"; };
		28594B2D23BF3A4D0046C955 /* MianTBController.h */ = {isa = PBXFileReference; lastKnownFileType = sourcecode.c.h; path = MianTBController.h; sourceTree = "<group>"; };
		28594B2E23BF3A4D0046C955 /* MianTBController.m */ = {isa = PBXFileReference; lastKnownFileType = sourcecode.c.objc; path = MianTBController.m; sourceTree = "<group>"; };
		28BD822E23C2DA5B0057EAED /* NSObject+GW_Model.m */ = {isa = PBXFileReference; fileEncoding = 4; lastKnownFileType = sourcecode.c.objc; path = "NSObject+GW_Model.m"; sourceTree = "<group>"; };
		28BD822F23C2DA5B0057EAED /* NSObject+GW_Model.h */ = {isa = PBXFileReference; fileEncoding = 4; lastKnownFileType = sourcecode.c.h; path = "NSObject+GW_Model.h"; sourceTree = "<group>"; };
		28BD823123C2DA5B0057EAED /* UIView+GW_AutoLayout.m */ = {isa = PBXFileReference; fileEncoding = 4; lastKnownFileType = sourcecode.c.objc; path = "UIView+GW_AutoLayout.m"; sourceTree = "<group>"; };
		28BD823223C2DA5B0057EAED /* GW_AutoLayoutUtilities.h */ = {isa = PBXFileReference; fileEncoding = 4; lastKnownFileType = sourcecode.c.h; path = GW_AutoLayoutUtilities.h; sourceTree = "<group>"; };
		28BD823323C2DA5B0057EAED /* UIView+GW_AutoLayout.h */ = {isa = PBXFileReference; fileEncoding = 4; lastKnownFileType = sourcecode.c.h; path = "UIView+GW_AutoLayout.h"; sourceTree = "<group>"; };
		28BD823523C2DA5B0057EAED /* UIControl+GWControl.m */ = {isa = PBXFileReference; fileEncoding = 4; lastKnownFileType = sourcecode.c.objc; path = "UIControl+GWControl.m"; sourceTree = "<group>"; };
		28BD823623C2DA5B0057EAED /* UIControl+GWControl.h */ = {isa = PBXFileReference; fileEncoding = 4; lastKnownFileType = sourcecode.c.h; path = "UIControl+GWControl.h"; sourceTree = "<group>"; };
		28BD823823C2DA5B0057EAED /* UIImageView+GWImageView.h */ = {isa = PBXFileReference; fileEncoding = 4; lastKnownFileType = sourcecode.c.h; path = "UIImageView+GWImageView.h"; sourceTree = "<group>"; };
		28BD823923C2DA5B0057EAED /* UIImageView+GWImageView.m */ = {isa = PBXFileReference; fileEncoding = 4; lastKnownFileType = sourcecode.c.objc; path = "UIImageView+GWImageView.m"; sourceTree = "<group>"; };
		28BD823B23C2DA5B0057EAED /* UITabBarController+GWTabBarController.h */ = {isa = PBXFileReference; fileEncoding = 4; lastKnownFileType = sourcecode.c.h; path = "UITabBarController+GWTabBarController.h"; sourceTree = "<group>"; };
		28BD823C23C2DA5B0057EAED /* UIPageViewController+GWPageViewController.h */ = {isa = PBXFileReference; fileEncoding = 4; lastKnownFileType = sourcecode.c.h; path = "UIPageViewController+GWPageViewController.h"; sourceTree = "<group>"; };
		28BD823D23C2DA5B0057EAED /* UINavigationController+GWNavigationController.m */ = {isa = PBXFileReference; fileEncoding = 4; lastKnownFileType = sourcecode.c.objc; path = "UINavigationController+GWNavigationController.m"; sourceTree = "<group>"; };
		28BD823E23C2DA5B0057EAED /* UIViewController+GWViewController.h */ = {isa = PBXFileReference; fileEncoding = 4; lastKnownFileType = sourcecode.c.h; path = "UIViewController+GWViewController.h"; sourceTree = "<group>"; };
		28BD823F23C2DA5B0057EAED /* UITabBarController+GWTabBarController.m */ = {isa = PBXFileReference; fileEncoding = 4; lastKnownFileType = sourcecode.c.objc; path = "UITabBarController+GWTabBarController.m"; sourceTree = "<group>"; };
		28BD824023C2DA5B0057EAED /* UINavigationController+GWNavigationController.h */ = {isa = PBXFileReference; fileEncoding = 4; lastKnownFileType = sourcecode.c.h; path = "UINavigationController+GWNavigationController.h"; sourceTree = "<group>"; };
		28BD824123C2DA5B0057EAED /* UIPageViewController+GWPageViewController.m */ = {isa = PBXFileReference; fileEncoding = 4; lastKnownFileType = sourcecode.c.objc; path = "UIPageViewController+GWPageViewController.m"; sourceTree = "<group>"; };
		28BD824223C2DA5B0057EAED /* UIViewController+GWViewController.m */ = {isa = PBXFileReference; fileEncoding = 4; lastKnownFileType = sourcecode.c.objc; path = "UIViewController+GWViewController.m"; sourceTree = "<group>"; };
		28BD824423C2DA5B0057EAED /* UIApplication+GWApplication.h */ = {isa = PBXFileReference; fileEncoding = 4; lastKnownFileType = sourcecode.c.h; path = "UIApplication+GWApplication.h"; sourceTree = "<group>"; };
		28BD824523C2DA5B0057EAED /* UIApplication+GWApplication.m */ = {isa = PBXFileReference; fileEncoding = 4; lastKnownFileType = sourcecode.c.objc; path = "UIApplication+GWApplication.m"; sourceTree = "<group>"; };
		28BD824723C2DA5B0057EAED /* UIImage+GWImage.h */ = {isa = PBXFileReference; fileEncoding = 4; lastKnownFileType = sourcecode.c.h; path = "UIImage+GWImage.h"; sourceTree = "<group>"; };
		28BD824823C2DA5B0057EAED /* UIImage+GWImage.m */ = {isa = PBXFileReference; fileEncoding = 4; lastKnownFileType = sourcecode.c.objc; path = "UIImage+GWImage.m"; sourceTree = "<group>"; };
		28BD824A23C2DA5B0057EAED /* NSString+GWString.h */ = {isa = PBXFileReference; fileEncoding = 4; lastKnownFileType = sourcecode.c.h; path = "NSString+GWString.h"; sourceTree = "<group>"; };
		28BD824B23C2DA5B0057EAED /* NSMutableAttributedString+GWMutableAttributedString.h */ = {isa = PBXFileReference; fileEncoding = 4; lastKnownFileType = sourcecode.c.h; path = "NSMutableAttributedString+GWMutableAttributedString.h"; sourceTree = "<group>"; };
		28BD824C23C2DA5B0057EAED /* NSMutableAttributedString+GWMutableAttributedString.m */ = {isa = PBXFileReference; fileEncoding = 4; lastKnownFileType = sourcecode.c.objc; path = "NSMutableAttributedString+GWMutableAttributedString.m"; sourceTree = "<group>"; };
		28BD824D23C2DA5B0057EAED /* NSString+GWString.m */ = {isa = PBXFileReference; fileEncoding = 4; lastKnownFileType = sourcecode.c.objc; path = "NSString+GWString.m"; sourceTree = "<group>"; };
		28BD824F23C2DA5B0057EAED /* UITableViewCell+GW_AutoHeightForCell.h */ = {isa = PBXFileReference; fileEncoding = 4; lastKnownFileType = sourcecode.c.h; path = "UITableViewCell+GW_AutoHeightForCell.h"; sourceTree = "<group>"; };
		28BD825023C2DA5B0057EAED /* UITableViewCell+GW_AutoHeightForCell.m */ = {isa = PBXFileReference; fileEncoding = 4; lastKnownFileType = sourcecode.c.objc; path = "UITableViewCell+GW_AutoHeightForCell.m"; sourceTree = "<group>"; };
		28BD825223C2DA5B0057EAED /* NSMutableArray+GWMutableArray.h */ = {isa = PBXFileReference; fileEncoding = 4; lastKnownFileType = sourcecode.c.h; path = "NSMutableArray+GWMutableArray.h"; sourceTree = "<group>"; };
		28BD825323C2DA5B0057EAED /* NSArray+GWArray.h */ = {isa = PBXFileReference; fileEncoding = 4; lastKnownFileType = sourcecode.c.h; path = "NSArray+GWArray.h"; sourceTree = "<group>"; };
		28BD825423C2DA5B0057EAED /* NSArray+GWArray.m */ = {isa = PBXFileReference; fileEncoding = 4; lastKnownFileType = sourcecode.c.objc; path = "NSArray+GWArray.m"; sourceTree = "<group>"; };
		28BD825523C2DA5B0057EAED /* NSMutableArray+GWMutableArray.m */ = {isa = PBXFileReference; fileEncoding = 4; lastKnownFileType = sourcecode.c.objc; path = "NSMutableArray+GWMutableArray.m"; sourceTree = "<group>"; };
		28BD825723C2DA5B0057EAED /* NSDate+GWDate.h */ = {isa = PBXFileReference; fileEncoding = 4; lastKnownFileType = sourcecode.c.h; path = "NSDate+GWDate.h"; sourceTree = "<group>"; };
		28BD825823C2DA5B0057EAED /* NSDate+GWDate.m */ = {isa = PBXFileReference; fileEncoding = 4; lastKnownFileType = sourcecode.c.objc; path = "NSDate+GWDate.m"; sourceTree = "<group>"; };
		28BD825A23C2DA5B0057EAED /* UITouch+GWTouch.m */ = {isa = PBXFileReference; fileEncoding = 4; lastKnownFileType = sourcecode.c.objc; path = "UITouch+GWTouch.m"; sourceTree = "<group>"; };
		28BD825B23C2DA5B0057EAED /* UITouch+GWTouch.h */ = {isa = PBXFileReference; fileEncoding = 4; lastKnownFileType = sourcecode.c.h; path = "UITouch+GWTouch.h"; sourceTree = "<group>"; };
		28BD825D23C2DA5B0057EAED /* NSObject+GWObject.h */ = {isa = PBXFileReference; fileEncoding = 4; lastKnownFileType = sourcecode.c.h; path = "NSObject+GWObject.h"; sourceTree = "<group>"; };
		28BD825E23C2DA5B0057EAED /* NSObject+GWObject.m */ = {isa = PBXFileReference; fileEncoding = 4; lastKnownFileType = sourcecode.c.objc; path = "NSObject+GWObject.m"; sourceTree = "<group>"; };
		28BD826023C2DA5B0057EAED /* UIButton+GWButton.m */ = {isa = PBXFileReference; fileEncoding = 4; lastKnownFileType = sourcecode.c.objc; path = "UIButton+GWButton.m"; sourceTree = "<group>"; };
		28BD826123C2DA5B0057EAED /* UIButton+GWButton.h */ = {isa = PBXFileReference; fileEncoding = 4; lastKnownFileType = sourcecode.c.h; path = "UIButton+GWButton.h"; sourceTree = "<group>"; };
		28BD826323C2DA5B0057EAED /* NSMutableDictionary+GWMutableDictionary.h */ = {isa = PBXFileReference; fileEncoding = 4; lastKnownFileType = sourcecode.c.h; path = "NSMutableDictionary+GWMutableDictionary.h"; sourceTree = "<group>"; };
		28BD826423C2DA5B0057EAED /* NSDictionary+GWDictionary.h */ = {isa = PBXFileReference; fileEncoding = 4; lastKnownFileType = sourcecode.c.h; path = "NSDictionary+GWDictionary.h"; sourceTree = "<group>"; };
		28BD826523C2DA5B0057EAED /* NSMutableDictionary+GWMutableDictionary.m */ = {isa = PBXFileReference; fileEncoding = 4; lastKnownFileType = sourcecode.c.objc; path = "NSMutableDictionary+GWMutableDictionary.m"; sourceTree = "<group>"; };
		28BD826623C2DA5B0057EAED /* NSDictionary+GWDictionary.m */ = {isa = PBXFileReference; fileEncoding = 4; lastKnownFileType = sourcecode.c.objc; path = "NSDictionary+GWDictionary.m"; sourceTree = "<group>"; };
		28BD827D23C2DA800057EAED /* TwoTImeViewController.h */ = {isa = PBXFileReference; fileEncoding = 4; lastKnownFileType = sourcecode.c.h; path = TwoTImeViewController.h; sourceTree = "<group>"; };
		28BD827E23C2DA800057EAED /* ThreeTimeViewController.h */ = {isa = PBXFileReference; fileEncoding = 4; lastKnownFileType = sourcecode.c.h; path = ThreeTimeViewController.h; sourceTree = "<group>"; };
		28BD827F23C2DA800057EAED /* TestTimeDeallocViewController.m */ = {isa = PBXFileReference; fileEncoding = 4; lastKnownFileType = sourcecode.c.objc; path = TestTimeDeallocViewController.m; sourceTree = "<group>"; };
		28BD828023C2DA800057EAED /* TwoTImeViewController.m */ = {isa = PBXFileReference; fileEncoding = 4; lastKnownFileType = sourcecode.c.objc; path = TwoTImeViewController.m; sourceTree = "<group>"; };
		28BD828123C2DA800057EAED /* TestTimeDeallocViewController.h */ = {isa = PBXFileReference; fileEncoding = 4; lastKnownFileType = sourcecode.c.h; path = TestTimeDeallocViewController.h; sourceTree = "<group>"; };
		28BD828223C2DA800057EAED /* ThreeTimeViewController.m */ = {isa = PBXFileReference; fileEncoding = 4; lastKnownFileType = sourcecode.c.objc; path = ThreeTimeViewController.m; sourceTree = "<group>"; };
		28D3370723BDFFCA00B17546 /* TestView.h */ = {isa = PBXFileReference; lastKnownFileType = sourcecode.c.h; path = TestView.h; sourceTree = "<group>"; };
		28D3370823BDFFCA00B17546 /* TestView.m */ = {isa = PBXFileReference; lastKnownFileType = sourcecode.c.objc; path = TestView.m; sourceTree = "<group>"; };
/* End PBXFileReference section */

/* Begin PBXFrameworksBuildPhase section */
		28466D4023B9ECA500407C3F /* Frameworks */ = {
			isa = PBXFrameworksBuildPhase;
			buildActionMask = 2147483647;
			files = (
			);
			runOnlyForDeploymentPostprocessing = 0;
		};
/* End PBXFrameworksBuildPhase section */

/* Begin PBXGroup section */
		28466D3A23B9ECA500407C3F = {
			isa = PBXGroup;
			children = (
				28466D4523B9ECA500407C3F /* GW_Category */,
				28466D4423B9ECA500407C3F /* Products */,
			);
			sourceTree = "<group>";
		};
		28466D4423B9ECA500407C3F /* Products */ = {
			isa = PBXGroup;
			children = (
				28466D4323B9ECA500407C3F /* GW_Category.app */,
			);
			name = Products;
			sourceTree = "<group>";
		};
		28466D4523B9ECA500407C3F /* GW_Category */ = {
			isa = PBXGroup;
			children = (
				28BD822C23C2DA5B0057EAED /* GW_Category */,
				28466D4623B9ECA500407C3F /* AppDelegate.h */,
				28466D4723B9ECA500407C3F /* AppDelegate.m */,
				28594B2D23BF3A4D0046C955 /* MianTBController.h */,
				28594B2E23BF3A4D0046C955 /* MianTBController.m */,
				28BD827C23C2DA800057EAED /* 测试定时器释放 */,
				28594B3023BF3C590046C955 /* 测试内存泄漏 */,
				28D3370723BDFFCA00B17546 /* TestView.h */,
				28D3370823BDFFCA00B17546 /* TestView.m */,
				28466D4F23B9ECA500407C3F /* Main.storyboard */,
				28466D5223B9ECA600407C3F /* Assets.xcassets */,
				28466D5423B9ECA600407C3F /* LaunchScreen.storyboard */,
				28466D5723B9ECA600407C3F /* Info.plist */,
				28466D5823B9ECA600407C3F /* main.m */,
			);
			path = GW_Category;
			sourceTree = "<group>";
		};
		28594B3023BF3C590046C955 /* 测试内存泄漏 */ = {
			isa = PBXGroup;
			children = (
				28466DA023B9FF7700407C3F /* Pop2ViewController.h */,
				28466DA123B9FF7700407C3F /* Pop2ViewController.m */,
				28594B2A23BF0AC90046C955 /* Pop3VCViewController.h */,
				28594B2B23BF0AC90046C955 /* Pop3VCViewController.m */,
				28466D9D23B9F25F00407C3F /* PopTestVC.h */,
				28466D9E23B9F25F00407C3F /* PopTestVC.m */,
				28466D4C23B9ECA500407C3F /* TestMemoryLeakViewController.h */,
				28466D4D23B9ECA500407C3F /* TestMemoryLeakViewController.m */,
			);
			path = "测试内存泄漏";
			sourceTree = "<group>";
		};
		28BD822C23C2DA5B0057EAED /* GW_Category */ = {
			isa = PBXGroup;
			children = (
				28BD822D23C2DA5B0057EAED /* GW_ModelKit */,
				28BD823023C2DA5B0057EAED /* GW_View */,
				28BD823423C2DA5B0057EAED /* GW_Control */,
				28BD823723C2DA5B0057EAED /* GW_ImageView */,
				28BD823A23C2DA5B0057EAED /* GW_ViewController */,
				28BD824323C2DA5B0057EAED /* GW_Application */,
				28BD824623C2DA5B0057EAED /* GW_Image */,
				28BD824923C2DA5B0057EAED /* GW_String */,
				28BD824E23C2DA5B0057EAED /* GW_TableViewCell */,
				28BD825123C2DA5B0057EAED /* GW_Array */,
				28BD825623C2DA5B0057EAED /* GW_Date */,
				28BD825923C2DA5B0057EAED /* GW_Touch */,
				28BD825C23C2DA5B0057EAED /* GW_Object */,
				28BD825F23C2DA5B0057EAED /* GW_Button */,
				28BD826223C2DA5B0057EAED /* GW_Dictionary */,
			);
			path = GW_Category;
			sourceTree = "<group>";
		};
		28BD822D23C2DA5B0057EAED /* GW_ModelKit */ = {
			isa = PBXGroup;
			children = (
				28BD822E23C2DA5B0057EAED /* NSObject+GW_Model.m */,
				28BD822F23C2DA5B0057EAED /* NSObject+GW_Model.h */,
			);
			path = GW_ModelKit;
			sourceTree = "<group>";
		};
		28BD823023C2DA5B0057EAED /* GW_View */ = {
			isa = PBXGroup;
			children = (
				28BD823123C2DA5B0057EAED /* UIView+GW_AutoLayout.m */,
				28BD823223C2DA5B0057EAED /* GW_AutoLayoutUtilities.h */,
				28BD823323C2DA5B0057EAED /* UIView+GW_AutoLayout.h */,
			);
			path = GW_View;
			sourceTree = "<group>";
		};
		28BD823423C2DA5B0057EAED /* GW_Control */ = {
			isa = PBXGroup;
			children = (
				28BD823523C2DA5B0057EAED /* UIControl+GWControl.m */,
				28BD823623C2DA5B0057EAED /* UIControl+GWControl.h */,
			);
			path = GW_Control;
			sourceTree = "<group>";
		};
		28BD823723C2DA5B0057EAED /* GW_ImageView */ = {
			isa = PBXGroup;
			children = (
				28BD823823C2DA5B0057EAED /* UIImageView+GWImageView.h */,
				28BD823923C2DA5B0057EAED /* UIImageView+GWImageView.m */,
			);
			path = GW_ImageView;
			sourceTree = "<group>";
		};
		28BD823A23C2DA5B0057EAED /* GW_ViewController */ = {
			isa = PBXGroup;
			children = (
				28BD824023C2DA5B0057EAED /* UINavigationController+GWNavigationController.h */,
				28BD823D23C2DA5B0057EAED /* UINavigationController+GWNavigationController.m */,
				28BD823C23C2DA5B0057EAED /* UIPageViewController+GWPageViewController.h */,
				28BD824123C2DA5B0057EAED /* UIPageViewController+GWPageViewController.m */,
				28BD823B23C2DA5B0057EAED /* UITabBarController+GWTabBarController.h */,
				28BD823F23C2DA5B0057EAED /* UITabBarController+GWTabBarController.m */,
				28BD823E23C2DA5B0057EAED /* UIViewController+GWViewController.h */,
				28BD824223C2DA5B0057EAED /* UIViewController+GWViewController.m */,
			);
			path = GW_ViewController;
			sourceTree = "<group>";
		};
		28BD824323C2DA5B0057EAED /* GW_Application */ = {
			isa = PBXGroup;
			children = (
				28BD824423C2DA5B0057EAED /* UIApplication+GWApplication.h */,
				28BD824523C2DA5B0057EAED /* UIApplication+GWApplication.m */,
			);
			path = GW_Application;
			sourceTree = "<group>";
		};
		28BD824623C2DA5B0057EAED /* GW_Image */ = {
			isa = PBXGroup;
			children = (
				28BD824723C2DA5B0057EAED /* UIImage+GWImage.h */,
				28BD824823C2DA5B0057EAED /* UIImage+GWImage.m */,
			);
			path = GW_Image;
			sourceTree = "<group>";
		};
		28BD824923C2DA5B0057EAED /* GW_String */ = {
			isa = PBXGroup;
			children = (
				28BD824A23C2DA5B0057EAED /* NSString+GWString.h */,
				28BD824B23C2DA5B0057EAED /* NSMutableAttributedString+GWMutableAttributedString.h */,
				28BD824C23C2DA5B0057EAED /* NSMutableAttributedString+GWMutableAttributedString.m */,
				28BD824D23C2DA5B0057EAED /* NSString+GWString.m */,
			);
			path = GW_String;
			sourceTree = "<group>";
		};
		28BD824E23C2DA5B0057EAED /* GW_TableViewCell */ = {
			isa = PBXGroup;
			children = (
				28BD824F23C2DA5B0057EAED /* UITableViewCell+GW_AutoHeightForCell.h */,
				28BD825023C2DA5B0057EAED /* UITableViewCell+GW_AutoHeightForCell.m */,
			);
			path = GW_TableViewCell;
			sourceTree = "<group>";
		};
		28BD825123C2DA5B0057EAED /* GW_Array */ = {
			isa = PBXGroup;
			children = (
				28BD825223C2DA5B0057EAED /* NSMutableArray+GWMutableArray.h */,
				28BD825323C2DA5B0057EAED /* NSArray+GWArray.h */,
				28BD825423C2DA5B0057EAED /* NSArray+GWArray.m */,
				28BD825523C2DA5B0057EAED /* NSMutableArray+GWMutableArray.m */,
			);
			path = GW_Array;
			sourceTree = "<group>";
		};
		28BD825623C2DA5B0057EAED /* GW_Date */ = {
			isa = PBXGroup;
			children = (
				28BD825723C2DA5B0057EAED /* NSDate+GWDate.h */,
				28BD825823C2DA5B0057EAED /* NSDate+GWDate.m */,
			);
			path = GW_Date;
			sourceTree = "<group>";
		};
		28BD825923C2DA5B0057EAED /* GW_Touch */ = {
			isa = PBXGroup;
			children = (
				28BD825A23C2DA5B0057EAED /* UITouch+GWTouch.m */,
				28BD825B23C2DA5B0057EAED /* UITouch+GWTouch.h */,
			);
			path = GW_Touch;
			sourceTree = "<group>";
		};
		28BD825C23C2DA5B0057EAED /* GW_Object */ = {
			isa = PBXGroup;
			children = (
				28BD825D23C2DA5B0057EAED /* NSObject+GWObject.h */,
				28BD825E23C2DA5B0057EAED /* NSObject+GWObject.m */,
			);
			path = GW_Object;
			sourceTree = "<group>";
		};
		28BD825F23C2DA5B0057EAED /* GW_Button */ = {
			isa = PBXGroup;
			children = (
				28BD826023C2DA5B0057EAED /* UIButton+GWButton.m */,
				28BD826123C2DA5B0057EAED /* UIButton+GWButton.h */,
			);
			path = GW_Button;
			sourceTree = "<group>";
		};
		28BD826223C2DA5B0057EAED /* GW_Dictionary */ = {
			isa = PBXGroup;
			children = (
				28BD826323C2DA5B0057EAED /* NSMutableDictionary+GWMutableDictionary.h */,
				28BD826423C2DA5B0057EAED /* NSDictionary+GWDictionary.h */,
				28BD826523C2DA5B0057EAED /* NSMutableDictionary+GWMutableDictionary.m */,
				28BD826623C2DA5B0057EAED /* NSDictionary+GWDictionary.m */,
			);
			path = GW_Dictionary;
			sourceTree = "<group>";
		};
		28BD827C23C2DA800057EAED /* 测试定时器释放 */ = {
			isa = PBXGroup;
			children = (
				28BD828123C2DA800057EAED /* TestTimeDeallocViewController.h */,
				28BD827F23C2DA800057EAED /* TestTimeDeallocViewController.m */,
				28BD827E23C2DA800057EAED /* ThreeTimeViewController.h */,
				28BD828223C2DA800057EAED /* ThreeTimeViewController.m */,
				28BD827D23C2DA800057EAED /* TwoTImeViewController.h */,
				28BD828023C2DA800057EAED /* TwoTImeViewController.m */,
			);
			path = "测试定时器释放";
			sourceTree = "<group>";
		};
/* End PBXGroup section */

/* Begin PBXNativeTarget section */
		28466D4223B9ECA500407C3F /* GW_Category */ = {
			isa = PBXNativeTarget;
			buildConfigurationList = 28466D5C23B9ECA600407C3F /* Build configuration list for PBXNativeTarget "GW_Category" */;
			buildPhases = (
				28466D3F23B9ECA500407C3F /* Sources */,
				28466D4023B9ECA500407C3F /* Frameworks */,
				28466D4123B9ECA500407C3F /* Resources */,
			);
			buildRules = (
			);
			dependencies = (
			);
			name = GW_Category;
			productName = GW_Category;
			productReference = 28466D4323B9ECA500407C3F /* GW_Category.app */;
			productType = "com.apple.product-type.application";
		};
/* End PBXNativeTarget section */

/* Begin PBXProject section */
		28466D3B23B9ECA500407C3F /* Project object */ = {
			isa = PBXProject;
			attributes = {
				LastUpgradeCheck = 1100;
				ORGANIZATIONNAME = gw;
				TargetAttributes = {
					28466D4223B9ECA500407C3F = {
						CreatedOnToolsVersion = 11.0;
					};
				};
			};
			buildConfigurationList = 28466D3E23B9ECA500407C3F /* Build configuration list for PBXProject "GW_Category" */;
			compatibilityVersion = "Xcode 9.3";
			developmentRegion = en;
			hasScannedForEncodings = 0;
			knownRegions = (
				en,
				Base,
			);
			mainGroup = 28466D3A23B9ECA500407C3F;
			productRefGroup = 28466D4423B9ECA500407C3F /* Products */;
			projectDirPath = "";
			projectRoot = "";
			targets = (
				28466D4223B9ECA500407C3F /* GW_Category */,
			);
		};
/* End PBXProject section */

/* Begin PBXResourcesBuildPhase section */
		28466D4123B9ECA500407C3F /* Resources */ = {
			isa = PBXResourcesBuildPhase;
			buildActionMask = 2147483647;
			files = (
				28466D5623B9ECA600407C3F /* LaunchScreen.storyboard in Resources */,
				28466D5323B9ECA600407C3F /* Assets.xcassets in Resources */,
				28466D5123B9ECA500407C3F /* Main.storyboard in Resources */,
			);
			runOnlyForDeploymentPostprocessing = 0;
		};
/* End PBXResourcesBuildPhase section */

/* Begin PBXSourcesBuildPhase section */
		28466D3F23B9ECA500407C3F /* Sources */ = {
			isa = PBXSourcesBuildPhase;
			buildActionMask = 2147483647;
			files = (
				28BD827623C2DA5B0057EAED /* NSDate+GWDate.m in Sources */,
				28BD827423C2DA5B0057EAED /* NSArray+GWArray.m in Sources */,
				28BD828323C2DA800057EAED /* TestTimeDeallocViewController.m in Sources */,
				28BD827A23C2DA5B0057EAED /* NSMutableDictionary+GWMutableDictionary.m in Sources */,
				28466D9F23B9F25F00407C3F /* PopTestVC.m in Sources */,
				28BD826823C2DA5B0057EAED /* UIView+GW_AutoLayout.m in Sources */,
				28BD827B23C2DA5B0057EAED /* NSDictionary+GWDictionary.m in Sources */,
				28BD826923C2DA5B0057EAED /* UIControl+GWControl.m in Sources */,
				28BD827023C2DA5B0057EAED /* UIImage+GWImage.m in Sources */,
				28BD826A23C2DA5B0057EAED /* UIImageView+GWImageView.m in Sources */,
				28466D4E23B9ECA500407C3F /* TestMemoryLeakViewController.m in Sources */,
				28BD827523C2DA5B0057EAED /* NSMutableArray+GWMutableArray.m in Sources */,
				28BD826C23C2DA5B0057EAED /* UITabBarController+GWTabBarController.m in Sources */,
				28466DA223B9FF7700407C3F /* Pop2ViewController.m in Sources */,
				28BD826B23C2DA5B0057EAED /* UINavigationController+GWNavigationController.m in Sources */,
				28BD827323C2DA5B0057EAED /* UITableViewCell+GW_AutoHeightForCell.m in Sources */,
				28BD826723C2DA5B0057EAED /* NSObject+GW_Model.m in Sources */,
				28D3370923BDFFCA00B17546 /* TestView.m in Sources */,
				28BD828423C2DA800057EAED /* TwoTImeViewController.m in Sources */,
				28BD826F23C2DA5B0057EAED /* UIApplication+GWApplication.m in Sources */,
				28BD827823C2DA5B0057EAED /* NSObject+GWObject.m in Sources */,
				28BD826D23C2DA5B0057EAED /* UIPageViewController+GWPageViewController.m in Sources */,
				28BD826E23C2DA5B0057EAED /* UIViewController+GWViewController.m in Sources */,
				28BD827223C2DA5B0057EAED /* NSString+GWString.m in Sources */,
				28466D4823B9ECA500407C3F /* AppDelegate.m in Sources */,
				28466D5923B9ECA600407C3F /* main.m in Sources */,
				28BD828523C2DA800057EAED /* ThreeTimeViewController.m in Sources */,
				28BD827123C2DA5B0057EAED /* NSMutableAttributedString+GWMutableAttributedString.m in Sources */,
				28BD827923C2DA5B0057EAED /* UIButton+GWButton.m in Sources */,
				28594B2C23BF0AC90046C955 /* Pop3VCViewController.m in Sources */,
				28594B2F23BF3A4D0046C955 /* MianTBController.m in Sources */,
				28BD827723C2DA5B0057EAED /* UITouch+GWTouch.m in Sources */,
			);
			runOnlyForDeploymentPostprocessing = 0;
		};
/* End PBXSourcesBuildPhase section */

/* Begin PBXVariantGroup section */
		28466D4F23B9ECA500407C3F /* Main.storyboard */ = {
			isa = PBXVariantGroup;
			children = (
				28466D5023B9ECA500407C3F /* Base */,
			);
			name = Main.storyboard;
			sourceTree = "<group>";
		};
		28466D5423B9ECA600407C3F /* LaunchScreen.storyboard */ = {
			isa = PBXVariantGroup;
			children = (
				28466D5523B9ECA600407C3F /* Base */,
			);
			name = LaunchScreen.storyboard;
			sourceTree = "<group>";
		};
/* End PBXVariantGroup section */

/* Begin XCBuildConfiguration section */
		28466D5A23B9ECA600407C3F /* Debug */ = {
			isa = XCBuildConfiguration;
			buildSettings = {
				ALWAYS_SEARCH_USER_PATHS = NO;
				CLANG_ANALYZER_NONNULL = YES;
				CLANG_ANALYZER_NUMBER_OBJECT_CONVERSION = YES_AGGRESSIVE;
				CLANG_CXX_LANGUAGE_STANDARD = "gnu++14";
				CLANG_CXX_LIBRARY = "libc++";
				CLANG_ENABLE_MODULES = YES;
				CLANG_ENABLE_OBJC_ARC = YES;
				CLANG_ENABLE_OBJC_WEAK = YES;
				CLANG_WARN_BLOCK_CAPTURE_AUTORELEASING = YES;
				CLANG_WARN_BOOL_CONVERSION = YES;
				CLANG_WARN_COMMA = YES;
				CLANG_WARN_CONSTANT_CONVERSION = YES;
				CLANG_WARN_DEPRECATED_OBJC_IMPLEMENTATIONS = YES;
				CLANG_WARN_DIRECT_OBJC_ISA_USAGE = YES_ERROR;
				CLANG_WARN_DOCUMENTATION_COMMENTS = YES;
				CLANG_WARN_EMPTY_BODY = YES;
				CLANG_WARN_ENUM_CONVERSION = YES;
				CLANG_WARN_INFINITE_RECURSION = YES;
				CLANG_WARN_INT_CONVERSION = YES;
				CLANG_WARN_NON_LITERAL_NULL_CONVERSION = YES;
				CLANG_WARN_OBJC_IMPLICIT_RETAIN_SELF = YES;
				CLANG_WARN_OBJC_LITERAL_CONVERSION = YES;
				CLANG_WARN_OBJC_ROOT_CLASS = YES_ERROR;
				CLANG_WARN_RANGE_LOOP_ANALYSIS = YES;
				CLANG_WARN_STRICT_PROTOTYPES = YES;
				CLANG_WARN_SUSPICIOUS_MOVE = YES;
				CLANG_WARN_UNGUARDED_AVAILABILITY = YES_AGGRESSIVE;
				CLANG_WARN_UNREACHABLE_CODE = YES;
				CLANG_WARN__DUPLICATE_METHOD_MATCH = YES;
				COPY_PHASE_STRIP = NO;
				DEBUG_INFORMATION_FORMAT = dwarf;
				ENABLE_STRICT_OBJC_MSGSEND = YES;
				ENABLE_TESTABILITY = YES;
				GCC_C_LANGUAGE_STANDARD = gnu11;
				GCC_DYNAMIC_NO_PIC = NO;
				GCC_NO_COMMON_BLOCKS = YES;
				GCC_OPTIMIZATION_LEVEL = 0;
				GCC_PREPROCESSOR_DEFINITIONS = (
					"DEBUG=1",
					"$(inherited)",
				);
				GCC_WARN_64_TO_32_BIT_CONVERSION = YES;
				GCC_WARN_ABOUT_RETURN_TYPE = YES_ERROR;
				GCC_WARN_UNDECLARED_SELECTOR = YES;
				GCC_WARN_UNINITIALIZED_AUTOS = YES_AGGRESSIVE;
				GCC_WARN_UNUSED_FUNCTION = YES;
				GCC_WARN_UNUSED_VARIABLE = YES;
				IPHONEOS_DEPLOYMENT_TARGET = 13.0;
				MTL_ENABLE_DEBUG_INFO = INCLUDE_SOURCE;
				MTL_FAST_MATH = YES;
				ONLY_ACTIVE_ARCH = YES;
				SDKROOT = iphoneos;
			};
			name = Debug;
		};
		28466D5B23B9ECA600407C3F /* Release */ = {
			isa = XCBuildConfiguration;
			buildSettings = {
				ALWAYS_SEARCH_USER_PATHS = NO;
				CLANG_ANALYZER_NONNULL = YES;
				CLANG_ANALYZER_NUMBER_OBJECT_CONVERSION = YES_AGGRESSIVE;
				CLANG_CXX_LANGUAGE_STANDARD = "gnu++14";
				CLANG_CXX_LIBRARY = "libc++";
				CLANG_ENABLE_MODULES = YES;
				CLANG_ENABLE_OBJC_ARC = YES;
				CLANG_ENABLE_OBJC_WEAK = YES;
				CLANG_WARN_BLOCK_CAPTURE_AUTORELEASING = YES;
				CLANG_WARN_BOOL_CONVERSION = YES;
				CLANG_WARN_COMMA = YES;
				CLANG_WARN_CONSTANT_CONVERSION = YES;
				CLANG_WARN_DEPRECATED_OBJC_IMPLEMENTATIONS = YES;
				CLANG_WARN_DIRECT_OBJC_ISA_USAGE = YES_ERROR;
				CLANG_WARN_DOCUMENTATION_COMMENTS = YES;
				CLANG_WARN_EMPTY_BODY = YES;
				CLANG_WARN_ENUM_CONVERSION = YES;
				CLANG_WARN_INFINITE_RECURSION = YES;
				CLANG_WARN_INT_CONVERSION = YES;
				CLANG_WARN_NON_LITERAL_NULL_CONVERSION = YES;
				CLANG_WARN_OBJC_IMPLICIT_RETAIN_SELF = YES;
				CLANG_WARN_OBJC_LITERAL_CONVERSION = YES;
				CLANG_WARN_OBJC_ROOT_CLASS = YES_ERROR;
				CLANG_WARN_RANGE_LOOP_ANALYSIS = YES;
				CLANG_WARN_STRICT_PROTOTYPES = YES;
				CLANG_WARN_SUSPICIOUS_MOVE = YES;
				CLANG_WARN_UNGUARDED_AVAILABILITY = YES_AGGRESSIVE;
				CLANG_WARN_UNREACHABLE_CODE = YES;
				CLANG_WARN__DUPLICATE_METHOD_MATCH = YES;
				COPY_PHASE_STRIP = NO;
				DEBUG_INFORMATION_FORMAT = "dwarf-with-dsym";
				ENABLE_NS_ASSERTIONS = NO;
				ENABLE_STRICT_OBJC_MSGSEND = YES;
				GCC_C_LANGUAGE_STANDARD = gnu11;
				GCC_NO_COMMON_BLOCKS = YES;
				GCC_WARN_64_TO_32_BIT_CONVERSION = YES;
				GCC_WARN_ABOUT_RETURN_TYPE = YES_ERROR;
				GCC_WARN_UNDECLARED_SELECTOR = YES;
				GCC_WARN_UNINITIALIZED_AUTOS = YES_AGGRESSIVE;
				GCC_WARN_UNUSED_FUNCTION = YES;
				GCC_WARN_UNUSED_VARIABLE = YES;
				IPHONEOS_DEPLOYMENT_TARGET = 13.0;
				MTL_ENABLE_DEBUG_INFO = NO;
				MTL_FAST_MATH = YES;
				SDKROOT = iphoneos;
				VALIDATE_PRODUCT = YES;
			};
			name = Release;
		};
		28466D5D23B9ECA600407C3F /* Debug */ = {
			isa = XCBuildConfiguration;
			buildSettings = {
				ASSETCATALOG_COMPILER_APPICON_NAME = AppIcon;
				CODE_SIGN_STYLE = Automatic;
				INFOPLIST_FILE = GW_Category/Info.plist;
				IPHONEOS_DEPLOYMENT_TARGET = 9.0;
				LD_RUNPATH_SEARCH_PATHS = (
					"$(inherited)",
					"@executable_path/Frameworks",
				);
				PRODUCT_BUNDLE_IDENTIFIER = "cn.wangxiao.GW-Category";
				PRODUCT_NAME = "$(TARGET_NAME)";
				TARGETED_DEVICE_FAMILY = "1,2";
				TVOS_DEPLOYMENT_TARGET = 13.0;
			};
			name = Debug;
		};
		28466D5E23B9ECA600407C3F /* Release */ = {
			isa = XCBuildConfiguration;
			buildSettings = {
				ASSETCATALOG_COMPILER_APPICON_NAME = AppIcon;
				CODE_SIGN_STYLE = Automatic;
				INFOPLIST_FILE = GW_Category/Info.plist;
				IPHONEOS_DEPLOYMENT_TARGET = 9.0;
				LD_RUNPATH_SEARCH_PATHS = (
					"$(inherited)",
					"@executable_path/Frameworks",
				);
				PRODUCT_BUNDLE_IDENTIFIER = "cn.wangxiao.GW-Category";
				PRODUCT_NAME = "$(TARGET_NAME)";
				TARGETED_DEVICE_FAMILY = "1,2";
				TVOS_DEPLOYMENT_TARGET = 13.0;
			};
			name = Release;
		};
/* End XCBuildConfiguration section */

/* Begin XCConfigurationList section */
		28466D3E23B9ECA500407C3F /* Build configuration list for PBXProject "GW_Category" */ = {
			isa = XCConfigurationList;
			buildConfigurations = (
				28466D5A23B9ECA600407C3F /* Debug */,
				28466D5B23B9ECA600407C3F /* Release */,
			);
			defaultConfigurationIsVisible = 0;
			defaultConfigurationName = Release;
		};
		28466D5C23B9ECA600407C3F /* Build configuration list for PBXNativeTarget "GW_Category" */ = {
			isa = XCConfigurationList;
			buildConfigurations = (
				28466D5D23B9ECA600407C3F /* Debug */,
				28466D5E23B9ECA600407C3F /* Release */,
			);
			defaultConfigurationIsVisible = 0;
			defaultConfigurationName = Release;
		};
/* End XCConfigurationList section */
	};
	rootObject = 28466D3B23B9ECA500407C3F /* Project object */;
}
